
Microsoft Visual Studio Solution File, Format Version 12.00
# Visual Studio Version 17
VisualStudioVersion = 17.2.32526.322
MinimumVisualStudioVersion = 10.0.40219.1
Project("{FAE04EC0-301F-11D3-BF4B-00C04F79EFBC}") = "Health.Android", "Health.Android\Health.Android.csproj", "{98184861-15F6-48B1-89FF-93F850865FC0}"
EndProject
Project("{FAE04EC0-301F-11D3-BF4B-00C04F79EFBC}") = "Health.iOS", "Health.iOS\Health.iOS.csproj", "{49EB7533-1664-4D07-99CF-F1EAD181299C}"
EndProject
Project("{FAE04EC0-301F-11D3-BF4B-00C04F79EFBC}") = "Health", "Health\Health.csproj", "{69A2E1A3-04FD-4055-8F08-F175EB58619B}"
EndProject
Global
	GlobalSection(SolutionConfigurationPlatforms) = preSolution
		Debug|Any CPU = Debug|Any CPU
		Debug|iPhone = Debug|iPhone
		Debug|iPhoneSimulator = Debug|iPhoneSimulator
		Release|Any CPU = Release|Any CPU
		Release|iPhone = Release|iPhone
		Release|iPhoneSimulator = Release|iPhoneSimulator
	EndGlobalSection
	GlobalSection(ProjectConfigurationPlatforms) = postSolution
		{98184861-15F6-48B1-89FF-93F850865FC0}.Debug|Any CPU.ActiveCfg = Debug|Any CPU
		{98184861-15F6-48B1-89FF-93F850865FC0}.Debug|Any CPU.Build.0 = Debug|Any CPU
		{98184861-15F6-48B1-89FF-93F850865FC0}.Debug|Any CPU.Deploy.0 = Debug|Any CPU
		{98184861-15F6-48B1-89FF-93F850865FC0}.Debug|iPhone.ActiveCfg = Debug|Any CPU
		{98184861-15F6-48B1-89FF-93F850865FC0}.Debug|iPhone.Build.0 = Debug|Any CPU
		{98184861-15F6-48B1-89FF-93F850865FC0}.Debug|iPhone.Deploy.0 = Debug|Any CPU
		{98184861-15F6-48B1-89FF-93F850865FC0}.Debug|iPhoneSimulator.ActiveCfg = Debug|Any CPU
		{98184861-15F6-48B1-89FF-93F850865FC0}.Debug|iPhoneSimulator.Build.0 = Debug|Any CPU
		{98184861-15F6-48B1-89FF-93F850865FC0}.Debug|iPhoneSimulator.Deploy.0 = Debug|Any CPU
		{98184861-15F6-48B1-89FF-93F850865FC0}.Release|Any CPU.ActiveCfg = Release|Any CPU
		{98184861-15F6-48B1-89FF-93F850865FC0}.Release|Any CPU.Build.0 = Release|Any CPU
		{98184861-15F6-48B1-89FF-93F850865FC0}.Release|Any CPU.Deploy.0 = Release|Any CPU
		{98184861-15F6-48B1-89FF-93F850865FC0}.Release|iPhone.ActiveCfg = Release|Any CPU
		{98184861-15F6-48B1-89FF-93F850865FC0}.Release|iPhone.Build.0 = Release|Any CPU
		{98184861-15F6-48B1-89FF-93F850865FC0}.Release|iPhone.Deploy.0 = Release|Any CPU
		{98184861-15F6-48B1-89FF-93F850865FC0}.Release|iPhoneSimulator.ActiveCfg = Release|Any CPU
		{98184861-15F6-48B1-89FF-93F850865FC0}.Release|iPhoneSimulator.Build.0 = Release|Any CPU
		{98184861-15F6-48B1-89FF-93F850865FC0}.Release|iPhoneSimulator.Deploy.0 = Release|Any CPU
		{49EB7533-1664-4D07-99CF-F1EAD181299C}.Debug|Any CPU.ActiveCfg = Debug|iPhone
		{49EB7533-1664-4D07-99CF-F1EAD181299C}.Debug|Any CPU.Build.0 = Debug|iPhone
		{49EB7533-1664-4D07-99CF-F1EAD181299C}.Debug|Any CPU.Deploy.0 = Debug|iPhone
		{49EB7533-1664-4D07-99CF-F1EAD181299C}.Debug|iPhone.ActiveCfg = Debug|iPhone
		{49EB7533-1664-4D07-99CF-F1EAD181299C}.Debug|iPhone.Build.0 = Debug|iPhone
		{49EB7533-1664-4D07-99CF-F1EAD181299C}.Debug|iPhone.Deploy.0 = Debug|iPhone
		{49EB7533-1664-4D07-99CF-F1EAD181299C}.Debug|iPhoneSimulator.ActiveCfg = Debug|iPhoneSimulator
		{49EB7533-1664-4D07-99CF-F1EAD181299C}.Debug|iPhoneSimulator.Build.0 = Debug|iPhoneSimulator
		{49EB7533-1664-4D07-99CF-F1EAD181299C}.Debug|iPhoneSimulator.Deploy.0 = Debug|iPhoneSimulator
		{49EB7533-1664-4D07-99CF-F1EAD181299C}.Release|Any CPU.ActiveCfg = Release|iPhoneSimulator
		{49EB7533-1664-4D07-99CF-F1EAD181299C}.Release|Any CPU.Build.0 = Release|iPhoneSimulator
		{49EB7533-1664-4D07-99CF-F1EAD181299C}.Release|Any CPU.Deploy.0 = Release|iPhoneSimulator
		{49EB7533-1664-4D07-99CF-F1EAD181299C}.Release|iPhone.ActiveCfg = Release|iPhone
		{49EB7533-1664-4D07-99CF-F1EAD181299C}.Release|iPhone.Build.0 = Release|iPhone
		{49EB7533-1664-4D07-99CF-F1EAD181299C}.Release|iPhone.Deploy.0 = Release|iPhone
		{49EB7533-1664-4D07-99CF-F1EAD181299C}.Release|iPhoneSimulator.ActiveCfg = Release|iPhoneSimulator
		{49EB7533-1664-4D07-99CF-F1EAD181299C}.Release|iPhoneSimulator.Build.0 = Release|iPhoneSimulator
		{49EB7533-1664-4D07-99CF-F1EAD181299C}.Release|iPhoneSimulator.Deploy.0 = Release|iPhoneSimulator
		{69A2E1A3-04FD-4055-8F08-F175EB58619B}.Debug|Any CPU.ActiveCfg = Debug|Any CPU
		{69A2E1A3-04FD-4055-8F08-F175EB58619B}.Debug|Any CPU.Build.0 = Debug|Any CPU
		{69A2E1A3-04FD-4055-8F08-F175EB58619B}.Debug|Any CPU.Deploy.0 = Debug|Any CPU
		{69A2E1A3-04FD-4055-8F08-F175EB58619B}.Debug|iPhone.ActiveCfg = Debug|Any CPU
		{69A2E1A3-04FD-4055-8F08-F175EB58619B}.Debug|iPhone.Build.0 = Debug|Any CPU
		{69A2E1A3-04FD-4055-8F08-F175EB58619B}.Debug|iPhone.Deploy.0 = Debug|Any CPU
		{69A2E1A3-04FD-4055-8F08-F175EB58619B}.Debug|iPhoneSimulator.ActiveCfg = Debug|Any CPU
		{69A2E1A3-04FD-4055-8F08-F175EB58619B}.Debug|iPhoneSimulator.Build.0 = Debug|Any CPU
		{69A2E1A3-04FD-4055-8F08-F175EB58619B}.Debug|iPhoneSimulator.Deploy.0 = Debug|Any CPU
		{69A2E1A3-04FD-4055-8F08-F175EB58619B}.Release|Any CPU.ActiveCfg = Release|Any CPU
		{69A2E1A3-04FD-4055-8F08-F175EB58619B}.Release|Any CPU.Build.0 = Release|Any CPU
		{69A2E1A3-04FD-4055-8F08-F175EB58619B}.Release|Any CPU.Deploy.0 = Release|Any CPU
		{69A2E1A3-04FD-4055-8F08-F175EB58619B}.Release|iPhone.ActiveCfg = Release|Any CPU
		{69A2E1A3-04FD-4055-8F08-F175EB58619B}.Release|iPhone.Build.0 = Release|Any CPU
		{69A2E1A3-04FD-4055-8F08-F175EB58619B}.Release|iPhone.Deploy.0 = Release|Any CPU
		{69A2E1A3-04FD-4055-8F08-F175EB58619B}.Release|iPhoneSimulator.ActiveCfg = Release|Any CPU
		{69A2E1A3-04FD-4055-8F08-F175EB58619B}.Release|iPhoneSimulator.Build.0 = Release|Any CPU
		{69A2E1A3-04FD-4055-8F08-F175EB58619B}.Release|iPhoneSimulator.Deploy.0 = Release|Any CPU
	EndGlobalSection
	GlobalSection(SolutionProperties) = preSolution
		HideSolutionNode = FALSE
	EndGlobalSection
	GlobalSection(ExtensibilityGlobals) = postSolution
		SolutionGuid = {AF53D2EA-2897-45A6-95B9-71C9A0524CB4}
	EndGlobalSection
EndGlobal
